
Microsoft Visual Studio Solution File, Format Version 12.00
# Visual Studio Version 17
VisualStudioVersion = 17.6.33801.468
MinimumVisualStudioVersion = 10.0.40219.1
Project("{FAE04EC0-301F-11D3-BF4B-00C04F79EFBC}") = "Delegate Takrorlash", "Delegate Takrorlash\Delegate Takrorlash.csproj", "{2955F863-1225-4F18-9BA9-B2D45207019F}"
EndProject
Global
	GlobalSection(SolutionConfigurationPlatforms) = preSolution
		Debug|Any CPU = Debug|Any CPU
		Release|Any CPU = Release|Any CPU
	EndGlobalSection
	GlobalSection(ProjectConfigurationPlatforms) = postSolution
		{2955F863-1225-4F18-9BA9-B2D45207019F}.Debug|Any CPU.ActiveCfg = Debug|Any CPU
		{2955F863-1225-4F18-9BA9-B2D45207019F}.Debug|Any CPU.Build.0 = Debug|Any CPU
		{2955F863-1225-4F18-9BA9-B2D45207019F}.Release|Any CPU.ActiveCfg = Release|Any CPU
		{2955F863-1225-4F18-9BA9-B2D45207019F}.Release|Any CPU.Build.0 = Release|Any CPU
	EndGlobalSection
	GlobalSection(SolutionProperties) = preSolution
		HideSolutionNode = FALSE
	EndGlobalSection
	GlobalSection(ExtensibilityGlobals) = postSolution
		SolutionGuid = {8640BC15-E482-42DF-B8A0-9BCE227A05CC}
	EndGlobalSection
EndGlobal
